// !$*UTF8*$!
{
	archiveVersion = 1;
	classes = {
	};
	objectVersion = 46;
	objects = {

/* Begin PBXBuildFile section */
		0A5523D61AE815E700D21E60 /* menu.png in Resources */ = {isa = PBXBuildFile; fileRef = 0A5523D31AE815E700D21E60 /* menu.png */; };
		0A5523D71AE815E700D21E60 /* menu@2x.png in Resources */ = {isa = PBXBuildFile; fileRef = 0A5523D41AE815E700D21E60 /* menu@2x.png */; };
		0A5523D81AE815E700D21E60 /* nav_bg.png in Resources */ = {isa = PBXBuildFile; fileRef = 0A5523D51AE815E700D21E60 /* nav_bg.png */; };
		0A5523DC1AE8765800D21E60 /* SWRevealViewController.m in Sources */ = {isa = PBXBuildFile; fileRef = 0A5523DB1AE8765800D21E60 /* SWRevealViewController.m */; };
		0A5523E01AE895BB00D21E60 /* StartPageViewController.m in Sources */ = {isa = PBXBuildFile; fileRef = 0A5523DF1AE895BB00D21E60 /* StartPageViewController.m */; };
		0A5523E31AE8970A00D21E60 /* SidebarViewController.m in Sources */ = {isa = PBXBuildFile; fileRef = 0A5523E21AE8970A00D21E60 /* SidebarViewController.m */; };
		0A5523ED1AE8B09F00D21E60 /* a1228223.png in Resources */ = {isa = PBXBuildFile; fileRef = 0A5523E71AE8B09F00D21E60 /* a1228223.png */; };
		0A5523EE1AE8B09F00D21E60 /* Folder Add.png in Resources */ = {isa = PBXBuildFile; fileRef = 0A5523E81AE8B09F00D21E60 /* Folder Add.png */; };
		0A5523EF1AE8B09F00D21E60 /* icon-profile.png in Resources */ = {isa = PBXBuildFile; fileRef = 0A5523E91AE8B09F00D21E60 /* icon-profile.png */; };
		0A5523F01AE8B09F00D21E60 /* images.jpeg in Resources */ = {isa = PBXBuildFile; fileRef = 0A5523EA1AE8B09F00D21E60 /* images.jpeg */; };
		0A5523F11AE8B09F00D21E60 /* minimal_social_media_icons__psd__by_softarea-d5c0f60.png in Resources */ = {isa = PBXBuildFile; fileRef = 0A5523EB1AE8B09F00D21E60 /* minimal_social_media_icons__psd__by_softarea-d5c0f60.png */; };
		0A5523F21AE8B09F00D21E60 /* users.png in Resources */ = {isa = PBXBuildFile; fileRef = 0A5523EC1AE8B09F00D21E60 /* users.png */; };
		0A5523F51AE9657000D21E60 /* add.png in Resources */ = {isa = PBXBuildFile; fileRef = 0A5523F31AE9657000D21E60 /* add.png */; };
		0A5523F61AE9657000D21E60 /* add_folder.png in Resources */ = {isa = PBXBuildFile; fileRef = 0A5523F41AE9657000D21E60 /* add_folder.png */; };
		0A5523F81AE9675200D21E60 /* logout-xl.png in Resources */ = {isa = PBXBuildFile; fileRef = 0A5523F71AE9675200D21E60 /* logout-xl.png */; };
		0A5523FB1AEEF45B00D21E60 /* AddAccountViewController.m in Sources */ = {isa = PBXBuildFile; fileRef = 0A5523FA1AEEF45B00D21E60 /* AddAccountViewController.m */; };
		0A5523FE1AEEFB4600D21E60 /* SettingsViewController.m in Sources */ = {isa = PBXBuildFile; fileRef = 0A5523FD1AEEFB4600D21E60 /* SettingsViewController.m */; };
		0AF96F411AEFEFE200629731 /* libsqlite3.dylib in Frameworks */ = {isa = PBXBuildFile; fileRef = 0AF96F401AEFEFE200629731 /* libsqlite3.dylib */; };
		0AF96F441AEFF04800629731 /* DBManager.m in Sources */ = {isa = PBXBuildFile; fileRef = 0AF96F431AEFF04800629731 /* DBManager.m */; };
		0AF970D31AF0024000629731 /* messengizer.sql in Resources */ = {isa = PBXBuildFile; fileRef = 0AF970D21AF0024000629731 /* messengizer.sql */; };
		0AF970D61AF00DEF00629731 /* SignUpViewController.m in Sources */ = {isa = PBXBuildFile; fileRef = 0AF970D51AF00DEF00629731 /* SignUpViewController.m */; };
		0AF970D91AF036D600629731 /* Facebook_light.png in Resources */ = {isa = PBXBuildFile; fileRef = 0AF970D71AF036D600629731 /* Facebook_light.png */; };
		0AF970DA1AF036D600629731 /* twitter-icon.png in Resources */ = {isa = PBXBuildFile; fileRef = 0AF970D81AF036D600629731 /* twitter-icon.png */; };
		0AF970DC1AF03B6500629731 /* img_frame.png in Resources */ = {isa = PBXBuildFile; fileRef = 0AF970DB1AF03B6500629731 /* img_frame.png */; };
		1629678B1AF07ADA004E20CB /* FBSDKCoreKit.framework in Frameworks */ = {isa = PBXBuildFile; fileRef = 162967891AF07ADA004E20CB /* FBSDKCoreKit.framework */; };
		1629678C1AF07ADA004E20CB /* FBSDKLoginKit.framework in Frameworks */ = {isa = PBXBuildFile; fileRef = 1629678A1AF07ADA004E20CB /* FBSDKLoginKit.framework */; };
		162C31A11ADDD9300091E4F0 /* FBPost.m in Sources */ = {isa = PBXBuildFile; fileRef = 162C31A01ADDD9300091E4F0 /* FBPost.m */; };
		162C31A51ADDE22C0091E4F0 /* FBGet.m in Sources */ = {isa = PBXBuildFile; fileRef = 162C31A41ADDE22C0091E4F0 /* FBGet.m */; };
		164B7BD71ADEDA3C005528D9 /* TwitterKit.framework in Frameworks */ = {isa = PBXBuildFile; fileRef = 164B7BD41ADEDA3C005528D9 /* TwitterKit.framework */; };
		164B7BD81ADEDA3C005528D9 /* TwitterKitResources.bundle in Resources */ = {isa = PBXBuildFile; fileRef = 164B7BD51ADEDA3C005528D9 /* TwitterKitResources.bundle */; };
		164B7BD91ADEDA3C005528D9 /* Fabric.framework in Frameworks */ = {isa = PBXBuildFile; fileRef = 164B7BD61ADEDA3C005528D9 /* Fabric.framework */; };
		164B7BDC1ADEDA8B005528D9 /* AddTwitterViewController.m in Sources */ = {isa = PBXBuildFile; fileRef = 164B7BDB1ADEDA8B005528D9 /* AddTwitterViewController.m */; };
		1690832B1ADF092500C6EC75 /* TwitterPost.m in Sources */ = {isa = PBXBuildFile; fileRef = 1690832A1ADF092500C6EC75 /* TwitterPost.m */; };
		16B1451E1AD5B27700DD1D32 /* main.m in Sources */ = {isa = PBXBuildFile; fileRef = 16B1451D1AD5B27700DD1D32 /* main.m */; };
		16B145211AD5B27700DD1D32 /* AppDelegate.m in Sources */ = {isa = PBXBuildFile; fileRef = 16B145201AD5B27700DD1D32 /* AppDelegate.m */; };
		16B145271AD5B27700DD1D32 /* Main.storyboard in Resources */ = {isa = PBXBuildFile; fileRef = 16B145251AD5B27700DD1D32 /* Main.storyboard */; };
		16B145291AD5B27700DD1D32 /* Images.xcassets in Resources */ = {isa = PBXBuildFile; fileRef = 16B145281AD5B27700DD1D32 /* Images.xcassets */; };
		16B1452C1AD5B27700DD1D32 /* LaunchScreen.xib in Resources */ = {isa = PBXBuildFile; fileRef = 16B1452A1AD5B27700DD1D32 /* LaunchScreen.xib */; };
		16B145381AD5B27700DD1D32 /* MessengizerTests.m in Sources */ = {isa = PBXBuildFile; fileRef = 16B145371AD5B27700DD1D32 /* MessengizerTests.m */; };
		16D14AE81ADE173C00D49723 /* AddFBViewController.m in Sources */ = {isa = PBXBuildFile; fileRef = 16D14AE71ADE173C00D49723 /* AddFBViewController.m */; };
		16D14AEE1ADE1B9800D49723 /* AddAppsViewController.m in Sources */ = {isa = PBXBuildFile; fileRef = 16D14AED1ADE1B9800D49723 /* AddAppsViewController.m */; };
		16F44EDC1AE46D0E00B0B10E /* CommonMethods.m in Sources */ = {isa = PBXBuildFile; fileRef = 16F44EDB1AE46D0E00B0B10E /* CommonMethods.m */; };
/* End PBXBuildFile section */

/* Begin PBXContainerItemProxy section */
		16B145321AD5B27700DD1D32 /* PBXContainerItemProxy */ = {
			isa = PBXContainerItemProxy;
			containerPortal = 16B145101AD5B27700DD1D32 /* Project object */;
			proxyType = 1;
			remoteGlobalIDString = 16B145171AD5B27700DD1D32;
			remoteInfo = Messengizer;
		};
/* End PBXContainerItemProxy section */

/* Begin PBXFileReference section */
		0A5523D31AE815E700D21E60 /* menu.png */ = {isa = PBXFileReference; lastKnownFileType = image.png; name = menu.png; path = Messengizer/Images/menu.png; sourceTree = "<group>"; };
		0A5523D41AE815E700D21E60 /* menu@2x.png */ = {isa = PBXFileReference; lastKnownFileType = image.png; name = "menu@2x.png"; path = "Messengizer/Images/menu@2x.png"; sourceTree = "<group>"; };
		0A5523D51AE815E700D21E60 /* nav_bg.png */ = {isa = PBXFileReference; lastKnownFileType = image.png; name = nav_bg.png; path = Messengizer/Images/nav_bg.png; sourceTree = "<group>"; };
		0A5523DA1AE8765800D21E60 /* SWRevealViewController.h */ = {isa = PBXFileReference; fileEncoding = 4; lastKnownFileType = sourcecode.c.h; path = SWRevealViewController.h; sourceTree = "<group>"; };
		0A5523DB1AE8765800D21E60 /* SWRevealViewController.m */ = {isa = PBXFileReference; fileEncoding = 4; lastKnownFileType = sourcecode.c.objc; path = SWRevealViewController.m; sourceTree = "<group>"; };
		0A5523DE1AE895BB00D21E60 /* StartPageViewController.h */ = {isa = PBXFileReference; fileEncoding = 4; lastKnownFileType = sourcecode.c.h; path = StartPageViewController.h; sourceTree = "<group>"; };
		0A5523DF1AE895BB00D21E60 /* StartPageViewController.m */ = {isa = PBXFileReference; fileEncoding = 4; lastKnownFileType = sourcecode.c.objc; path = StartPageViewController.m; sourceTree = "<group>"; };
		0A5523E11AE8970A00D21E60 /* SidebarViewController.h */ = {isa = PBXFileReference; fileEncoding = 4; lastKnownFileType = sourcecode.c.h; path = SidebarViewController.h; sourceTree = "<group>"; };
		0A5523E21AE8970A00D21E60 /* SidebarViewController.m */ = {isa = PBXFileReference; fileEncoding = 4; lastKnownFileType = sourcecode.c.objc; path = SidebarViewController.m; sourceTree = "<group>"; };
		0A5523E71AE8B09F00D21E60 /* a1228223.png */ = {isa = PBXFileReference; lastKnownFileType = image.png; path = a1228223.png; sourceTree = "<group>"; };
		0A5523E81AE8B09F00D21E60 /* Folder Add.png */ = {isa = PBXFileReference; lastKnownFileType = image.png; path = "Folder Add.png"; sourceTree = "<group>"; };
		0A5523E91AE8B09F00D21E60 /* icon-profile.png */ = {isa = PBXFileReference; lastKnownFileType = image.png; path = "icon-profile.png"; sourceTree = "<group>"; };
		0A5523EA1AE8B09F00D21E60 /* images.jpeg */ = {isa = PBXFileReference; lastKnownFileType = image.jpeg; path = images.jpeg; sourceTree = "<group>"; };
		0A5523EB1AE8B09F00D21E60 /* minimal_social_media_icons__psd__by_softarea-d5c0f60.png */ = {isa = PBXFileReference; lastKnownFileType = image.png; path = "minimal_social_media_icons__psd__by_softarea-d5c0f60.png"; sourceTree = "<group>"; };
		0A5523EC1AE8B09F00D21E60 /* users.png */ = {isa = PBXFileReference; lastKnownFileType = image.png; path = users.png; sourceTree = "<group>"; };
		0A5523F31AE9657000D21E60 /* add.png */ = {isa = PBXFileReference; lastKnownFileType = image.png; path = add.png; sourceTree = "<group>"; };
		0A5523F41AE9657000D21E60 /* add_folder.png */ = {isa = PBXFileReference; lastKnownFileType = image.png; path = add_folder.png; sourceTree = "<group>"; };
		0A5523F71AE9675200D21E60 /* logout-xl.png */ = {isa = PBXFileReference; lastKnownFileType = image.png; path = "logout-xl.png"; sourceTree = "<group>"; };
		0A5523F91AEEF45B00D21E60 /* AddAccountViewController.h */ = {isa = PBXFileReference; fileEncoding = 4; lastKnownFileType = sourcecode.c.h; path = AddAccountViewController.h; sourceTree = "<group>"; };
		0A5523FA1AEEF45B00D21E60 /* AddAccountViewController.m */ = {isa = PBXFileReference; fileEncoding = 4; lastKnownFileType = sourcecode.c.objc; path = AddAccountViewController.m; sourceTree = "<group>"; };
		0A5523FC1AEEFB4600D21E60 /* SettingsViewController.h */ = {isa = PBXFileReference; fileEncoding = 4; lastKnownFileType = sourcecode.c.h; path = SettingsViewController.h; sourceTree = "<group>"; };
		0A5523FD1AEEFB4600D21E60 /* SettingsViewController.m */ = {isa = PBXFileReference; fileEncoding = 4; lastKnownFileType = sourcecode.c.objc; path = SettingsViewController.m; sourceTree = "<group>"; };
		0AF96F401AEFEFE200629731 /* libsqlite3.dylib */ = {isa = PBXFileReference; lastKnownFileType = "compiled.mach-o.dylib"; name = libsqlite3.dylib; path = usr/lib/libsqlite3.dylib; sourceTree = SDKROOT; };
		0AF96F421AEFF04800629731 /* DBManager.h */ = {isa = PBXFileReference; fileEncoding = 4; lastKnownFileType = sourcecode.c.h; path = DBManager.h; sourceTree = "<group>"; };
		0AF96F431AEFF04800629731 /* DBManager.m */ = {isa = PBXFileReference; fileEncoding = 4; lastKnownFileType = sourcecode.c.objc; path = DBManager.m; sourceTree = "<group>"; };
		0AF970D21AF0024000629731 /* messengizer.sql */ = {isa = PBXFileReference; lastKnownFileType = file; path = messengizer.sql; sourceTree = "<group>"; };
		0AF970D41AF00DEF00629731 /* SignUpViewController.h */ = {isa = PBXFileReference; fileEncoding = 4; lastKnownFileType = sourcecode.c.h; path = SignUpViewController.h; sourceTree = "<group>"; };
		0AF970D51AF00DEF00629731 /* SignUpViewController.m */ = {isa = PBXFileReference; fileEncoding = 4; lastKnownFileType = sourcecode.c.objc; path = SignUpViewController.m; sourceTree = "<group>"; };
		0AF970D71AF036D600629731 /* Facebook_light.png */ = {isa = PBXFileReference; lastKnownFileType = image.png; path = Facebook_light.png; sourceTree = "<group>"; };
		0AF970D81AF036D600629731 /* twitter-icon.png */ = {isa = PBXFileReference; lastKnownFileType = image.png; path = "twitter-icon.png"; sourceTree = "<group>"; };
		0AF970DB1AF03B6500629731 /* img_frame.png */ = {isa = PBXFileReference; lastKnownFileType = image.png; path = img_frame.png; sourceTree = "<group>"; };
		162967891AF07ADA004E20CB /* FBSDKCoreKit.framework */ = {isa = PBXFileReference; lastKnownFileType = wrapper.framework; path = FBSDKCoreKit.framework; sourceTree = "<group>"; };
		1629678A1AF07ADA004E20CB /* FBSDKLoginKit.framework */ = {isa = PBXFileReference; lastKnownFileType = wrapper.framework; path = FBSDKLoginKit.framework; sourceTree = "<group>"; };
		162C319F1ADDD9300091E4F0 /* FBPost.h */ = {isa = PBXFileReference; fileEncoding = 4; lastKnownFileType = sourcecode.c.h; path = FBPost.h; sourceTree = "<group>"; };
		162C31A01ADDD9300091E4F0 /* FBPost.m */ = {isa = PBXFileReference; fileEncoding = 4; lastKnownFileType = sourcecode.c.objc; path = FBPost.m; sourceTree = "<group>"; };
		162C31A31ADDE22C0091E4F0 /* FBGet.h */ = {isa = PBXFileReference; fileEncoding = 4; lastKnownFileType = sourcecode.c.h; path = FBGet.h; sourceTree = "<group>"; };
		162C31A41ADDE22C0091E4F0 /* FBGet.m */ = {isa = PBXFileReference; fileEncoding = 4; lastKnownFileType = sourcecode.c.objc; path = FBGet.m; sourceTree = "<group>"; };
		164B7BD41ADEDA3C005528D9 /* TwitterKit.framework */ = {isa = PBXFileReference; lastKnownFileType = wrapper.framework; path = TwitterKit.framework; sourceTree = SOURCE_ROOT; };
		164B7BD51ADEDA3C005528D9 /* TwitterKitResources.bundle */ = {isa = PBXFileReference; lastKnownFileType = "wrapper.plug-in"; name = TwitterKitResources.bundle; path = TwitterKit.framework/Versions/A/Resources/TwitterKitResources.bundle; sourceTree = SOURCE_ROOT; };
		164B7BD61ADEDA3C005528D9 /* Fabric.framework */ = {isa = PBXFileReference; lastKnownFileType = wrapper.framework; path = Fabric.framework; sourceTree = SOURCE_ROOT; };
		164B7BDA1ADEDA8B005528D9 /* AddTwitterViewController.h */ = {isa = PBXFileReference; fileEncoding = 4; lastKnownFileType = sourcecode.c.h; path = AddTwitterViewController.h; sourceTree = "<group>"; };
		164B7BDB1ADEDA8B005528D9 /* AddTwitterViewController.m */ = {isa = PBXFileReference; fileEncoding = 4; lastKnownFileType = sourcecode.c.objc; path = AddTwitterViewController.m; sourceTree = "<group>"; };
		169083291ADF092500C6EC75 /* TwitterPost.h */ = {isa = PBXFileReference; fileEncoding = 4; lastKnownFileType = sourcecode.c.h; path = TwitterPost.h; sourceTree = "<group>"; };
		1690832A1ADF092500C6EC75 /* TwitterPost.m */ = {isa = PBXFileReference; fileEncoding = 4; lastKnownFileType = sourcecode.c.objc; path = TwitterPost.m; sourceTree = "<group>"; };
		16B145181AD5B27700DD1D32 /* Messengizer.app */ = {isa = PBXFileReference; explicitFileType = wrapper.application; includeInIndex = 0; path = Messengizer.app; sourceTree = BUILT_PRODUCTS_DIR; };
		16B1451C1AD5B27700DD1D32 /* Info.plist */ = {isa = PBXFileReference; lastKnownFileType = text.plist.xml; path = Info.plist; sourceTree = "<group>"; };
		16B1451D1AD5B27700DD1D32 /* main.m */ = {isa = PBXFileReference; lastKnownFileType = sourcecode.c.objc; path = main.m; sourceTree = "<group>"; };
		16B1451F1AD5B27700DD1D32 /* AppDelegate.h */ = {isa = PBXFileReference; lastKnownFileType = sourcecode.c.h; path = AppDelegate.h; sourceTree = "<group>"; };
		16B145201AD5B27700DD1D32 /* AppDelegate.m */ = {isa = PBXFileReference; lastKnownFileType = sourcecode.c.objc; path = AppDelegate.m; sourceTree = "<group>"; };
		16B145261AD5B27700DD1D32 /* Base */ = {isa = PBXFileReference; lastKnownFileType = file.storyboard; name = Base; path = Base.lproj/Main.storyboard; sourceTree = "<group>"; };
		16B145281AD5B27700DD1D32 /* Images.xcassets */ = {isa = PBXFileReference; lastKnownFileType = folder.assetcatalog; path = Images.xcassets; sourceTree = "<group>"; };
		16B1452B1AD5B27700DD1D32 /* Base */ = {isa = PBXFileReference; lastKnownFileType = file.xib; name = Base; path = Base.lproj/LaunchScreen.xib; sourceTree = "<group>"; };
		16B145311AD5B27700DD1D32 /* MessengizerTests.xctest */ = {isa = PBXFileReference; explicitFileType = wrapper.cfbundle; includeInIndex = 0; path = MessengizerTests.xctest; sourceTree = BUILT_PRODUCTS_DIR; };
		16B145361AD5B27700DD1D32 /* Info.plist */ = {isa = PBXFileReference; lastKnownFileType = text.plist.xml; path = Info.plist; sourceTree = "<group>"; };
		16B145371AD5B27700DD1D32 /* MessengizerTests.m */ = {isa = PBXFileReference; lastKnownFileType = sourcecode.c.objc; path = MessengizerTests.m; sourceTree = "<group>"; };
		16D14AE61ADE173C00D49723 /* AddFBViewController.h */ = {isa = PBXFileReference; fileEncoding = 4; lastKnownFileType = sourcecode.c.h; path = AddFBViewController.h; sourceTree = "<group>"; };
		16D14AE71ADE173C00D49723 /* AddFBViewController.m */ = {isa = PBXFileReference; fileEncoding = 4; lastKnownFileType = sourcecode.c.objc; path = AddFBViewController.m; sourceTree = "<group>"; };
		16D14AEC1ADE1B9800D49723 /* AddAppsViewController.h */ = {isa = PBXFileReference; fileEncoding = 4; lastKnownFileType = sourcecode.c.h; path = AddAppsViewController.h; sourceTree = "<group>"; };
		16D14AED1ADE1B9800D49723 /* AddAppsViewController.m */ = {isa = PBXFileReference; fileEncoding = 4; lastKnownFileType = sourcecode.c.objc; path = AddAppsViewController.m; sourceTree = "<group>"; };
		16F44EDA1AE46D0E00B0B10E /* CommonMethods.h */ = {isa = PBXFileReference; fileEncoding = 4; lastKnownFileType = sourcecode.c.h; path = CommonMethods.h; sourceTree = "<group>"; };
		16F44EDB1AE46D0E00B0B10E /* CommonMethods.m */ = {isa = PBXFileReference; fileEncoding = 4; lastKnownFileType = sourcecode.c.objc; path = CommonMethods.m; sourceTree = "<group>"; };
/* End PBXFileReference section */

/* Begin PBXFrameworksBuildPhase section */
		16B145151AD5B27700DD1D32 /* Frameworks */ = {
			isa = PBXFrameworksBuildPhase;
			buildActionMask = 2147483647;
			files = (
				0AF96F411AEFEFE200629731 /* libsqlite3.dylib in Frameworks */,
				1629678B1AF07ADA004E20CB /* FBSDKCoreKit.framework in Frameworks */,
				1629678C1AF07ADA004E20CB /* FBSDKLoginKit.framework in Frameworks */,
				164B7BD71ADEDA3C005528D9 /* TwitterKit.framework in Frameworks */,
				164B7BD91ADEDA3C005528D9 /* Fabric.framework in Frameworks */,
			);
			runOnlyForDeploymentPostprocessing = 0;
		};
		16B1452E1AD5B27700DD1D32 /* Frameworks */ = {
			isa = PBXFrameworksBuildPhase;
			buildActionMask = 2147483647;
			files = (
			);
			runOnlyForDeploymentPostprocessing = 0;
		};
/* End PBXFrameworksBuildPhase section */

/* Begin PBXGroup section */
		0A5523D21AE8158D00D21E60 /* Images */ = {
			isa = PBXGroup;
			children = (
				0AF970DB1AF03B6500629731 /* img_frame.png */,
				0AF970D71AF036D600629731 /* Facebook_light.png */,
				0AF970D81AF036D600629731 /* twitter-icon.png */,
				0A5523F71AE9675200D21E60 /* logout-xl.png */,
				0A5523F31AE9657000D21E60 /* add.png */,
				0A5523F41AE9657000D21E60 /* add_folder.png */,
				0A5523E71AE8B09F00D21E60 /* a1228223.png */,
				0A5523E81AE8B09F00D21E60 /* Folder Add.png */,
				0A5523E91AE8B09F00D21E60 /* icon-profile.png */,
				0A5523EA1AE8B09F00D21E60 /* images.jpeg */,
				0A5523EB1AE8B09F00D21E60 /* minimal_social_media_icons__psd__by_softarea-d5c0f60.png */,
				0A5523EC1AE8B09F00D21E60 /* users.png */,
				0A5523D31AE815E700D21E60 /* menu.png */,
				0A5523D41AE815E700D21E60 /* menu@2x.png */,
				0A5523D51AE815E700D21E60 /* nav_bg.png */,
			);
			name = Images;
			sourceTree = "<group>";
		};
		0A5523D91AE875C100D21E60 /* Library */ = {
			isa = PBXGroup;
			children = (
				0A5523DA1AE8765800D21E60 /* SWRevealViewController.h */,
				0A5523DB1AE8765800D21E60 /* SWRevealViewController.m */,
			);
			name = Library;
			path = ..;
			sourceTree = "<group>";
		};
		0A5523DD1AE8951700D21E60 /* New Storyboard Classes */ = {
			isa = PBXGroup;
			children = (
				0A5523F91AEEF45B00D21E60 /* AddAccountViewController.h */,
				0A5523FA1AEEF45B00D21E60 /* AddAccountViewController.m */,
				0A5523DE1AE895BB00D21E60 /* StartPageViewController.h */,
				0A5523DF1AE895BB00D21E60 /* StartPageViewController.m */,
				0A5523E11AE8970A00D21E60 /* SidebarViewController.h */,
				0A5523E21AE8970A00D21E60 /* SidebarViewController.m */,
				0A5523FC1AEEFB4600D21E60 /* SettingsViewController.h */,
				0A5523FD1AEEFB4600D21E60 /* SettingsViewController.m */,
				0AF96F421AEFF04800629731 /* DBManager.h */,
				0AF96F431AEFF04800629731 /* DBManager.m */,
				0AF970D41AF00DEF00629731 /* SignUpViewController.h */,
				0AF970D51AF00DEF00629731 /* SignUpViewController.m */,
				0AF970D21AF0024000629731 /* messengizer.sql */,
			);
			name = "New Storyboard Classes";
			sourceTree = "<group>";
		};
		16B1450F1AD5B27700DD1D32 = {
			isa = PBXGroup;
			children = (
				16B1451A1AD5B27700DD1D32 /* Messengizer */,
				0A5523D21AE8158D00D21E60 /* Images */,
				16B145341AD5B27700DD1D32 /* MessengizerTests */,
				16B145191AD5B27700DD1D32 /* Products */,
			);
			sourceTree = "<group>";
		};
		16B145191AD5B27700DD1D32 /* Products */ = {
			isa = PBXGroup;
			children = (
				16B145181AD5B27700DD1D32 /* Messengizer.app */,
				16B145311AD5B27700DD1D32 /* MessengizerTests.xctest */,
			);
			name = Products;
			sourceTree = "<group>";
		};
		16B1451A1AD5B27700DD1D32 /* Messengizer */ = {
			isa = PBXGroup;
			children = (
				0A5523DD1AE8951700D21E60 /* New Storyboard Classes */,
				16D14AEC1ADE1B9800D49723 /* AddAppsViewController.h */,
				16D14AED1ADE1B9800D49723 /* AddAppsViewController.m */,
				16D14AE61ADE173C00D49723 /* AddFBViewController.h */,
				16D14AE71ADE173C00D49723 /* AddFBViewController.m */,
				164B7BDA1ADEDA8B005528D9 /* AddTwitterViewController.h */,
				164B7BDB1ADEDA8B005528D9 /* AddTwitterViewController.m */,
				16B1451F1AD5B27700DD1D32 /* AppDelegate.h */,
				16B145201AD5B27700DD1D32 /* AppDelegate.m */,
				16F44EDA1AE46D0E00B0B10E /* CommonMethods.h */,
				16F44EDB1AE46D0E00B0B10E /* CommonMethods.m */,
				162C319F1ADDD9300091E4F0 /* FBPost.h */,
				162C31A01ADDD9300091E4F0 /* FBPost.m */,
				162C31A31ADDE22C0091E4F0 /* FBGet.h */,
				162C31A41ADDE22C0091E4F0 /* FBGet.m */,
				169083291ADF092500C6EC75 /* TwitterPost.h */,
				1690832A1ADF092500C6EC75 /* TwitterPost.m */,
				16B145251AD5B27700DD1D32 /* Main.storyboard */,
				16B145281AD5B27700DD1D32 /* Images.xcassets */,
				16B1452A1AD5B27700DD1D32 /* LaunchScreen.xib */,
				0A5523D91AE875C100D21E60 /* Library */,
				16B1451B1AD5B27700DD1D32 /* Supporting Files */,
			);
			path = Messengizer;
			sourceTree = "<group>";
		};
		16B1451B1AD5B27700DD1D32 /* Supporting Files */ = {
			isa = PBXGroup;
			children = (
				162967891AF07ADA004E20CB /* FBSDKCoreKit.framework */,
				1629678A1AF07ADA004E20CB /* FBSDKLoginKit.framework */,
				0AF96F401AEFEFE200629731 /* libsqlite3.dylib */,
				164B7BD41ADEDA3C005528D9 /* TwitterKit.framework */,
				164B7BD51ADEDA3C005528D9 /* TwitterKitResources.bundle */,
				164B7BD61ADEDA3C005528D9 /* Fabric.framework */,
				16B1451C1AD5B27700DD1D32 /* Info.plist */,
				16B1451D1AD5B27700DD1D32 /* main.m */,
			);
			name = "Supporting Files";
			sourceTree = "<group>";
		};
		16B145341AD5B27700DD1D32 /* MessengizerTests */ = {
			isa = PBXGroup;
			children = (
				16B145371AD5B27700DD1D32 /* MessengizerTests.m */,
				16B145351AD5B27700DD1D32 /* Supporting Files */,
			);
			path = MessengizerTests;
			sourceTree = "<group>";
		};
		16B145351AD5B27700DD1D32 /* Supporting Files */ = {
			isa = PBXGroup;
			children = (
				16B145361AD5B27700DD1D32 /* Info.plist */,
			);
			name = "Supporting Files";
			sourceTree = "<group>";
		};
/* End PBXGroup section */

/* Begin PBXNativeTarget section */
		16B145171AD5B27700DD1D32 /* Messengizer */ = {
			isa = PBXNativeTarget;
			buildConfigurationList = 16B1453B1AD5B27700DD1D32 /* Build configuration list for PBXNativeTarget "Messengizer" */;
			buildPhases = (
				16B145141AD5B27700DD1D32 /* Sources */,
				16B145151AD5B27700DD1D32 /* Frameworks */,
				16B145161AD5B27700DD1D32 /* Resources */,
				164B7BD31ADEDA09005528D9 /* ShellScript */,
			);
			buildRules = (
			);
			dependencies = (
			);
			name = Messengizer;
			productName = Messengizer;
			productReference = 16B145181AD5B27700DD1D32 /* Messengizer.app */;
			productType = "com.apple.product-type.application";
		};
		16B145301AD5B27700DD1D32 /* MessengizerTests */ = {
			isa = PBXNativeTarget;
			buildConfigurationList = 16B1453E1AD5B27700DD1D32 /* Build configuration list for PBXNativeTarget "MessengizerTests" */;
			buildPhases = (
				16B1452D1AD5B27700DD1D32 /* Sources */,
				16B1452E1AD5B27700DD1D32 /* Frameworks */,
				16B1452F1AD5B27700DD1D32 /* Resources */,
			);
			buildRules = (
			);
			dependencies = (
				16B145331AD5B27700DD1D32 /* PBXTargetDependency */,
			);
			name = MessengizerTests;
			productName = MessengizerTests;
			productReference = 16B145311AD5B27700DD1D32 /* MessengizerTests.xctest */;
			productType = "com.apple.product-type.bundle.unit-test";
		};
/* End PBXNativeTarget section */

/* Begin PBXProject section */
		16B145101AD5B27700DD1D32 /* Project object */ = {
			isa = PBXProject;
			attributes = {
				LastUpgradeCheck = 0620;
				ORGANIZATIONNAME = "NPL Technology";
				TargetAttributes = {
					16B145171AD5B27700DD1D32 = {
						CreatedOnToolsVersion = 6.2;
						DevelopmentTeam = 53N37DT3W4;
					};
					16B145301AD5B27700DD1D32 = {
						CreatedOnToolsVersion = 6.2;
						TestTargetID = 16B145171AD5B27700DD1D32;
					};
				};
			};
			buildConfigurationList = 16B145131AD5B27700DD1D32 /* Build configuration list for PBXProject "Messengizer" */;
			compatibilityVersion = "Xcode 3.2";
			developmentRegion = English;
			hasScannedForEncodings = 0;
			knownRegions = (
				en,
				Base,
			);
			mainGroup = 16B1450F1AD5B27700DD1D32;
			productRefGroup = 16B145191AD5B27700DD1D32 /* Products */;
			projectDirPath = "";
			projectRoot = "";
			targets = (
				16B145171AD5B27700DD1D32 /* Messengizer */,
				16B145301AD5B27700DD1D32 /* MessengizerTests */,
			);
		};
/* End PBXProject section */

/* Begin PBXResourcesBuildPhase section */
		16B145161AD5B27700DD1D32 /* Resources */ = {
			isa = PBXResourcesBuildPhase;
			buildActionMask = 2147483647;
			files = (
				0A5523EE1AE8B09F00D21E60 /* Folder Add.png in Resources */,
				164B7BD81ADEDA3C005528D9 /* TwitterKitResources.bundle in Resources */,
				0A5523D71AE815E700D21E60 /* menu@2x.png in Resources */,
				0AF970DC1AF03B6500629731 /* img_frame.png in Resources */,
				0A5523D61AE815E700D21E60 /* menu.png in Resources */,
				0A5523EF1AE8B09F00D21E60 /* icon-profile.png in Resources */,
				0A5523F11AE8B09F00D21E60 /* minimal_social_media_icons__psd__by_softarea-d5c0f60.png in Resources */,
				0AF970DA1AF036D600629731 /* twitter-icon.png in Resources */,
				0A5523F61AE9657000D21E60 /* add_folder.png in Resources */,
				16B145271AD5B27700DD1D32 /* Main.storyboard in Resources */,
				0A5523F51AE9657000D21E60 /* add.png in Resources */,
				0A5523ED1AE8B09F00D21E60 /* a1228223.png in Resources */,
				0A5523F01AE8B09F00D21E60 /* images.jpeg in Resources */,
				0AF970D31AF0024000629731 /* messengizer.sql in Resources */,
				0A5523F81AE9675200D21E60 /* logout-xl.png in Resources */,
				16B1452C1AD5B27700DD1D32 /* LaunchScreen.xib in Resources */,
				0AF970D91AF036D600629731 /* Facebook_light.png in Resources */,
				0A5523F21AE8B09F00D21E60 /* users.png in Resources */,
				16B145291AD5B27700DD1D32 /* Images.xcassets in Resources */,
				0A5523D81AE815E700D21E60 /* nav_bg.png in Resources */,
			);
			runOnlyForDeploymentPostprocessing = 0;
		};
		16B1452F1AD5B27700DD1D32 /* Resources */ = {
			isa = PBXResourcesBuildPhase;
			buildActionMask = 2147483647;
			files = (
			);
			runOnlyForDeploymentPostprocessing = 0;
		};
/* End PBXResourcesBuildPhase section */

/* Begin PBXShellScriptBuildPhase section */
		164B7BD31ADEDA09005528D9 /* ShellScript */ = {
			isa = PBXShellScriptBuildPhase;
			buildActionMask = 2147483647;
			files = (
			);
			inputPaths = (
			);
			outputPaths = (
			);
			runOnlyForDeploymentPostprocessing = 0;
			shellPath = /bin/sh;
			shellScript = "./Fabric.framework/run dc869c78cd17a0b4310e91e4331842449e9935fa 42b2f54f82b3c2700120571f81187d0a457154a85a74b9fb06932f6aa7a37388";
		};
/* End PBXShellScriptBuildPhase section */

/* Begin PBXSourcesBuildPhase section */
		16B145141AD5B27700DD1D32 /* Sources */ = {
			isa = PBXSourcesBuildPhase;
			buildActionMask = 2147483647;
			files = (
				0A5523E31AE8970A00D21E60 /* SidebarViewController.m in Sources */,
				1690832B1ADF092500C6EC75 /* TwitterPost.m in Sources */,
				16F44EDC1AE46D0E00B0B10E /* CommonMethods.m in Sources */,
				164B7BDC1ADEDA8B005528D9 /* AddTwitterViewController.m in Sources */,
				0AF970D61AF00DEF00629731 /* SignUpViewController.m in Sources */,
				162C31A11ADDD9300091E4F0 /* FBPost.m in Sources */,
				16B145211AD5B27700DD1D32 /* AppDelegate.m in Sources */,
				0AF96F441AEFF04800629731 /* DBManager.m in Sources */,
				16B1451E1AD5B27700DD1D32 /* main.m in Sources */,
				0A5523FB1AEEF45B00D21E60 /* AddAccountViewController.m in Sources */,
				162C31A51ADDE22C0091E4F0 /* FBGet.m in Sources */,
				0A5523DC1AE8765800D21E60 /* SWRevealViewController.m in Sources */,
				16D14AEE1ADE1B9800D49723 /* AddAppsViewController.m in Sources */,
				0A5523FE1AEEFB4600D21E60 /* SettingsViewController.m in Sources */,
				0A5523E01AE895BB00D21E60 /* StartPageViewController.m in Sources */,
				16D14AE81ADE173C00D49723 /* AddFBViewController.m in Sources */,
			);
			runOnlyForDeploymentPostprocessing = 0;
		};
		16B1452D1AD5B27700DD1D32 /* Sources */ = {
			isa = PBXSourcesBuildPhase;
			buildActionMask = 2147483647;
			files = (
				16B145381AD5B27700DD1D32 /* MessengizerTests.m in Sources */,
			);
			runOnlyForDeploymentPostprocessing = 0;
		};
/* End PBXSourcesBuildPhase section */

/* Begin PBXTargetDependency section */
		16B145331AD5B27700DD1D32 /* PBXTargetDependency */ = {
			isa = PBXTargetDependency;
			target = 16B145171AD5B27700DD1D32 /* Messengizer */;
			targetProxy = 16B145321AD5B27700DD1D32 /* PBXContainerItemProxy */;
		};
/* End PBXTargetDependency section */

/* Begin PBXVariantGroup section */
		16B145251AD5B27700DD1D32 /* Main.storyboard */ = {
			isa = PBXVariantGroup;
			children = (
				16B145261AD5B27700DD1D32 /* Base */,
			);
			name = Main.storyboard;
			sourceTree = "<group>";
		};
		16B1452A1AD5B27700DD1D32 /* LaunchScreen.xib */ = {
			isa = PBXVariantGroup;
			children = (
				16B1452B1AD5B27700DD1D32 /* Base */,
			);
			name = LaunchScreen.xib;
			sourceTree = "<group>";
		};
/* End PBXVariantGroup section */

/* Begin XCBuildConfiguration section */
		16B145391AD5B27700DD1D32 /* Debug */ = {
			isa = XCBuildConfiguration;
			buildSettings = {
				ALWAYS_SEARCH_USER_PATHS = NO;
				CLANG_CXX_LANGUAGE_STANDARD = "gnu++0x";
				CLANG_CXX_LIBRARY = "libc++";
				CLANG_ENABLE_MODULES = YES;
				CLANG_ENABLE_OBJC_ARC = YES;
				CLANG_WARN_BOOL_CONVERSION = YES;
				CLANG_WARN_CONSTANT_CONVERSION = YES;
				CLANG_WARN_DIRECT_OBJC_ISA_USAGE = YES_ERROR;
				CLANG_WARN_EMPTY_BODY = YES;
				CLANG_WARN_ENUM_CONVERSION = YES;
				CLANG_WARN_INT_CONVERSION = YES;
				CLANG_WARN_OBJC_ROOT_CLASS = YES_ERROR;
				CLANG_WARN_UNREACHABLE_CODE = YES;
				CLANG_WARN__DUPLICATE_METHOD_MATCH = YES;
				"CODE_SIGN_IDENTITY[sdk=iphoneos*]" = "iPhone Developer";
				COPY_PHASE_STRIP = NO;
				ENABLE_STRICT_OBJC_MSGSEND = YES;
				GCC_C_LANGUAGE_STANDARD = gnu99;
				GCC_DYNAMIC_NO_PIC = NO;
				GCC_OPTIMIZATION_LEVEL = 0;
				GCC_PREPROCESSOR_DEFINITIONS = (
					"DEBUG=1",
					"$(inherited)",
				);
				GCC_SYMBOLS_PRIVATE_EXTERN = NO;
				GCC_WARN_64_TO_32_BIT_CONVERSION = YES;
				GCC_WARN_ABOUT_RETURN_TYPE = YES_ERROR;
				GCC_WARN_UNDECLARED_SELECTOR = YES;
				GCC_WARN_UNINITIALIZED_AUTOS = YES_AGGRESSIVE;
				GCC_WARN_UNUSED_FUNCTION = YES;
				GCC_WARN_UNUSED_VARIABLE = YES;
				IPHONEOS_DEPLOYMENT_TARGET = 8.2;
				MTL_ENABLE_DEBUG_INFO = YES;
				ONLY_ACTIVE_ARCH = YES;
				SDKROOT = iphoneos;
			};
			name = Debug;
		};
		16B1453A1AD5B27700DD1D32 /* Release */ = {
			isa = XCBuildConfiguration;
			buildSettings = {
				ALWAYS_SEARCH_USER_PATHS = NO;
				CLANG_CXX_LANGUAGE_STANDARD = "gnu++0x";
				CLANG_CXX_LIBRARY = "libc++";
				CLANG_ENABLE_MODULES = YES;
				CLANG_ENABLE_OBJC_ARC = YES;
				CLANG_WARN_BOOL_CONVERSION = YES;
				CLANG_WARN_CONSTANT_CONVERSION = YES;
				CLANG_WARN_DIRECT_OBJC_ISA_USAGE = YES_ERROR;
				CLANG_WARN_EMPTY_BODY = YES;
				CLANG_WARN_ENUM_CONVERSION = YES;
				CLANG_WARN_INT_CONVERSION = YES;
				CLANG_WARN_OBJC_ROOT_CLASS = YES_ERROR;
				CLANG_WARN_UNREACHABLE_CODE = YES;
				CLANG_WARN__DUPLICATE_METHOD_MATCH = YES;
				"CODE_SIGN_IDENTITY[sdk=iphoneos*]" = "iPhone Developer";
				COPY_PHASE_STRIP = NO;
				ENABLE_NS_ASSERTIONS = NO;
				ENABLE_STRICT_OBJC_MSGSEND = YES;
				GCC_C_LANGUAGE_STANDARD = gnu99;
				GCC_WARN_64_TO_32_BIT_CONVERSION = YES;
				GCC_WARN_ABOUT_RETURN_TYPE = YES_ERROR;
				GCC_WARN_UNDECLARED_SELECTOR = YES;
				GCC_WARN_UNINITIALIZED_AUTOS = YES_AGGRESSIVE;
				GCC_WARN_UNUSED_FUNCTION = YES;
				GCC_WARN_UNUSED_VARIABLE = YES;
				IPHONEOS_DEPLOYMENT_TARGET = 8.2;
				MTL_ENABLE_DEBUG_INFO = NO;
				SDKROOT = iphoneos;
				VALIDATE_PRODUCT = YES;
			};
			name = Release;
		};
		16B1453C1AD5B27700DD1D32 /* Debug */ = {
			isa = XCBuildConfiguration;
			buildSettings = {
				ASSETCATALOG_COMPILER_APPICON_NAME = AppIcon;
				ASSETCATALOG_COMPILER_LAUNCHIMAGE_NAME = LaunchImage;
				CLANG_ALLOW_NON_MODULAR_INCLUDES_IN_FRAMEWORK_MODULES = YES;
				CODE_SIGN_IDENTITY = "iPhone Developer";
				"CODE_SIGN_IDENTITY[sdk=iphoneos*]" = "iPhone Developer";
				FRAMEWORK_SEARCH_PATHS = (
					"~/Documents/FacebookSDK",
					"$(PROJECT_DIR)",
					/Users/noahtatum/Documents/FacebookSDK,
					"$(PROJECT_DIR)/Messengizer/FacebookSDK",
					"$(PROJECT_DIR)/Messengizer",
				);
				INFOPLIST_FILE = Messengizer/Info.plist;
				IPHONEOS_DEPLOYMENT_TARGET = 8.3;
				LD_RUNPATH_SEARCH_PATHS = "$(inherited) @executable_path/Frameworks";
				PRODUCT_NAME = "$(TARGET_NAME)";
				PROVISIONING_PROFILE = "";
			};
			name = Debug;
		};
		16B1453D1AD5B27700DD1D32 /* Release */ = {
			isa = XCBuildConfiguration;
			buildSettings = {
				ASSETCATALOG_COMPILER_APPICON_NAME = AppIcon;
				ASSETCATALOG_COMPILER_LAUNCHIMAGE_NAME = LaunchImage;
				CLANG_ALLOW_NON_MODULAR_INCLUDES_IN_FRAMEWORK_MODULES = YES;
				CODE_SIGN_IDENTITY = "iPhone Developer";
				"CODE_SIGN_IDENTITY[sdk=iphoneos*]" = "iPhone Developer";
				FRAMEWORK_SEARCH_PATHS = (
					"~/Documents/FacebookSDK",
					"$(PROJECT_DIR)",
					/Users/noahtatum/Documents/FacebookSDK,
					"$(PROJECT_DIR)/Messengizer/FacebookSDK",
					"$(PROJECT_DIR)/Messengizer",
				);
				INFOPLIST_FILE = Messengizer/Info.plist;
				IPHONEOS_DEPLOYMENT_TARGET = 8.3;
				LD_RUNPATH_SEARCH_PATHS = "$(inherited) @executable_path/Frameworks";
				PRODUCT_NAME = "$(TARGET_NAME)";
				PROVISIONING_PROFILE = "";
			};
			name = Release;
		};
		16B1453F1AD5B27700DD1D32 /* Debug */ = {
			isa = XCBuildConfiguration;
			buildSettings = {
				BUNDLE_LOADER = "$(TEST_HOST)";
				FRAMEWORK_SEARCH_PATHS = (
					"$(SDKROOT)/Developer/Library/Frameworks",
					"$(inherited)",
				);
				GCC_PREPROCESSOR_DEFINITIONS = (
					"DEBUG=1",
					"$(inherited)",
				);
				INFOPLIST_FILE = MessengizerTests/Info.plist;
				LD_RUNPATH_SEARCH_PATHS = "$(inherited) @executable_path/Frameworks @loader_path/Frameworks";
				PRODUCT_NAME = "$(TARGET_NAME)";
				TEST_HOST = "$(BUILT_PRODUCTS_DIR)/Messengizer.app/Messengizer";
			};
			name = Debug;
		};
		16B145401AD5B27700DD1D32 /* Release */ = {
			isa = XCBuildConfiguration;
			buildSettings = {
				BUNDLE_LOADER = "$(TEST_HOST)";
				FRAMEWORK_SEARCH_PATHS = (
					"$(SDKROOT)/Developer/Library/Frameworks",
					"$(inherited)",
				);
				INFOPLIST_FILE = MessengizerTests/Info.plist;
				LD_RUNPATH_SEARCH_PATHS = "$(inherited) @executable_path/Frameworks @loader_path/Frameworks";
				PRODUCT_NAME = "$(TARGET_NAME)";
				TEST_HOST = "$(BUILT_PRODUCTS_DIR)/Messengizer.app/Messengizer";
			};
			name = Release;
		};
/* End XCBuildConfiguration section */

/* Begin XCConfigurationList section */
		16B145131AD5B27700DD1D32 /* Build configuration list for PBXProject "Messengizer" */ = {
			isa = XCConfigurationList;
			buildConfigurations = (
				16B145391AD5B27700DD1D32 /* Debug */,
				16B1453A1AD5B27700DD1D32 /* Release */,
			);
			defaultConfigurationIsVisible = 0;
			defaultConfigurationName = Release;
		};
		16B1453B1AD5B27700DD1D32 /* Build configuration list for PBXNativeTarget "Messengizer" */ = {
			isa = XCConfigurationList;
			buildConfigurations = (
				16B1453C1AD5B27700DD1D32 /* Debug */,
				16B1453D1AD5B27700DD1D32 /* Release */,
			);
			defaultConfigurationIsVisible = 0;
			defaultConfigurationName = Release;
		};
		16B1453E1AD5B27700DD1D32 /* Build configuration list for PBXNativeTarget "MessengizerTests" */ = {
			isa = XCConfigurationList;
			buildConfigurations = (
				16B1453F1AD5B27700DD1D32 /* Debug */,
				16B145401AD5B27700DD1D32 /* Release */,
			);
			defaultConfigurationIsVisible = 0;
			defaultConfigurationName = Release;
		};
/* End XCConfigurationList section */
	};
	rootObject = 16B145101AD5B27700DD1D32 /* Project object */;
}
